
Microsoft Visual Studio Solution File, Format Version 12.00
# Visual Studio Version 17
VisualStudioVersion = 17.14.36310.24 d17.14
MinimumVisualStudioVersion = 10.0.40219.1
Project("{FAE04EC0-301F-11D3-BF4B-00C04F79EFBC}") = "StudySphere.API", "StudySphere.API.csproj", "{43617F84-45E2-AE5B-416A-29015A07610E}"
EndProject
Global
	GlobalSection(SolutionConfigurationPlatforms) = preSolution
		Debug|Any CPU = Debug|Any CPU
		Release|Any CPU = Release|Any CPU
	EndGlobalSection
	GlobalSection(ProjectConfigurationPlatforms) = postSolution
		{43617F84-45E2-AE5B-416A-29015A07610E}.Debug|Any CPU.ActiveCfg = Debug|Any CPU
		{43617F84-45E2-AE5B-416A-29015A07610E}.Debug|Any CPU.Build.0 = Debug|Any CPU
		{43617F84-45E2-AE5B-416A-29015A07610E}.Release|Any CPU.ActiveCfg = Release|Any CPU
		{43617F84-45E2-AE5B-416A-29015A07610E}.Release|Any CPU.Build.0 = Release|Any CPU
	EndGlobalSection
	GlobalSection(SolutionProperties) = preSolution
		HideSolutionNode = FALSE
	EndGlobalSection
	GlobalSection(ExtensibilityGlobals) = postSolution
		SolutionGuid = {623C24B5-875E-45E2-B69A-2F14D3ED1341}
	EndGlobalSection
EndGlobal
